
Microsoft Visual Studio Solution File, Format Version 12.00
# Visual Studio 15
VisualStudioVersion = 15.0.26124.0
MinimumVisualStudioVersion = 15.0.26124.0
Project("{2150E333-8FDC-42A3-9474-1A3956D46DE8}") = "src", "src", "{A37858A0-55C0-4557-A36E-FE7B6AF60FA8}"
EndProject
Project("{2150E333-8FDC-42A3-9474-1A3956D46DE8}") = "Hello", "Hello", "{AED3B2AD-4864-4CB7-843B-974D1E0FC13E}"
EndProject
Project("{FAE04EC0-301F-11D3-BF4B-00C04F79EFBC}") = "Send", "src\Hello\Send\Send.csproj", "{A6F72E43-FD9A-44E4-A76F-49C4E4DE0A79}"
EndProject
Project("{FAE04EC0-301F-11D3-BF4B-00C04F79EFBC}") = "Receive", "src\Hello\Receive\Receive.csproj", "{18074C28-9E3D-4542-82AB-975BF08E5074}"
EndProject
Project("{2150E333-8FDC-42A3-9474-1A3956D46DE8}") = "Workers", "Workers", "{F290FA4C-BC10-4F2A-B1A7-9231F47505A0}"
EndProject
Project("{FAE04EC0-301F-11D3-BF4B-00C04F79EFBC}") = "NewTask", "src\Workers\NewTask\NewTask.csproj", "{EC30C996-448D-4B99-B2B4-0EA1195413A4}"
EndProject
Project("{FAE04EC0-301F-11D3-BF4B-00C04F79EFBC}") = "Worker", "src\Workers\Worker\Worker.csproj", "{5E492AB1-24C8-4051-8B98-4EB9563B064A}"
EndProject
Global
	GlobalSection(SolutionConfigurationPlatforms) = preSolution
		Debug|Any CPU = Debug|Any CPU
		Debug|x64 = Debug|x64
		Debug|x86 = Debug|x86
		Release|Any CPU = Release|Any CPU
		Release|x64 = Release|x64
		Release|x86 = Release|x86
	EndGlobalSection
	GlobalSection(SolutionProperties) = preSolution
		HideSolutionNode = FALSE
	EndGlobalSection
	GlobalSection(ProjectConfigurationPlatforms) = postSolution
		{A6F72E43-FD9A-44E4-A76F-49C4E4DE0A79}.Debug|Any CPU.ActiveCfg = Debug|Any CPU
		{A6F72E43-FD9A-44E4-A76F-49C4E4DE0A79}.Debug|Any CPU.Build.0 = Debug|Any CPU
		{A6F72E43-FD9A-44E4-A76F-49C4E4DE0A79}.Debug|x64.ActiveCfg = Debug|Any CPU
		{A6F72E43-FD9A-44E4-A76F-49C4E4DE0A79}.Debug|x64.Build.0 = Debug|Any CPU
		{A6F72E43-FD9A-44E4-A76F-49C4E4DE0A79}.Debug|x86.ActiveCfg = Debug|Any CPU
		{A6F72E43-FD9A-44E4-A76F-49C4E4DE0A79}.Debug|x86.Build.0 = Debug|Any CPU
		{A6F72E43-FD9A-44E4-A76F-49C4E4DE0A79}.Release|Any CPU.ActiveCfg = Release|Any CPU
		{A6F72E43-FD9A-44E4-A76F-49C4E4DE0A79}.Release|Any CPU.Build.0 = Release|Any CPU
		{A6F72E43-FD9A-44E4-A76F-49C4E4DE0A79}.Release|x64.ActiveCfg = Release|Any CPU
		{A6F72E43-FD9A-44E4-A76F-49C4E4DE0A79}.Release|x64.Build.0 = Release|Any CPU
		{A6F72E43-FD9A-44E4-A76F-49C4E4DE0A79}.Release|x86.ActiveCfg = Release|Any CPU
		{A6F72E43-FD9A-44E4-A76F-49C4E4DE0A79}.Release|x86.Build.0 = Release|Any CPU
		{18074C28-9E3D-4542-82AB-975BF08E5074}.Debug|Any CPU.ActiveCfg = Debug|Any CPU
		{18074C28-9E3D-4542-82AB-975BF08E5074}.Debug|Any CPU.Build.0 = Debug|Any CPU
		{18074C28-9E3D-4542-82AB-975BF08E5074}.Debug|x64.ActiveCfg = Debug|Any CPU
		{18074C28-9E3D-4542-82AB-975BF08E5074}.Debug|x64.Build.0 = Debug|Any CPU
		{18074C28-9E3D-4542-82AB-975BF08E5074}.Debug|x86.ActiveCfg = Debug|Any CPU
		{18074C28-9E3D-4542-82AB-975BF08E5074}.Debug|x86.Build.0 = Debug|Any CPU
		{18074C28-9E3D-4542-82AB-975BF08E5074}.Release|Any CPU.ActiveCfg = Release|Any CPU
		{18074C28-9E3D-4542-82AB-975BF08E5074}.Release|Any CPU.Build.0 = Release|Any CPU
		{18074C28-9E3D-4542-82AB-975BF08E5074}.Release|x64.ActiveCfg = Release|Any CPU
		{18074C28-9E3D-4542-82AB-975BF08E5074}.Release|x64.Build.0 = Release|Any CPU
		{18074C28-9E3D-4542-82AB-975BF08E5074}.Release|x86.ActiveCfg = Release|Any CPU
		{18074C28-9E3D-4542-82AB-975BF08E5074}.Release|x86.Build.0 = Release|Any CPU
		{EC30C996-448D-4B99-B2B4-0EA1195413A4}.Debug|Any CPU.ActiveCfg = Debug|Any CPU
		{EC30C996-448D-4B99-B2B4-0EA1195413A4}.Debug|Any CPU.Build.0 = Debug|Any CPU
		{EC30C996-448D-4B99-B2B4-0EA1195413A4}.Debug|x64.ActiveCfg = Debug|Any CPU
		{EC30C996-448D-4B99-B2B4-0EA1195413A4}.Debug|x64.Build.0 = Debug|Any CPU
		{EC30C996-448D-4B99-B2B4-0EA1195413A4}.Debug|x86.ActiveCfg = Debug|Any CPU
		{EC30C996-448D-4B99-B2B4-0EA1195413A4}.Debug|x86.Build.0 = Debug|Any CPU
		{EC30C996-448D-4B99-B2B4-0EA1195413A4}.Release|Any CPU.ActiveCfg = Release|Any CPU
		{EC30C996-448D-4B99-B2B4-0EA1195413A4}.Release|Any CPU.Build.0 = Release|Any CPU
		{EC30C996-448D-4B99-B2B4-0EA1195413A4}.Release|x64.ActiveCfg = Release|Any CPU
		{EC30C996-448D-4B99-B2B4-0EA1195413A4}.Release|x64.Build.0 = Release|Any CPU
		{EC30C996-448D-4B99-B2B4-0EA1195413A4}.Release|x86.ActiveCfg = Release|Any CPU
		{EC30C996-448D-4B99-B2B4-0EA1195413A4}.Release|x86.Build.0 = Release|Any CPU
		{5E492AB1-24C8-4051-8B98-4EB9563B064A}.Debug|Any CPU.ActiveCfg = Debug|Any CPU
		{5E492AB1-24C8-4051-8B98-4EB9563B064A}.Debug|Any CPU.Build.0 = Debug|Any CPU
		{5E492AB1-24C8-4051-8B98-4EB9563B064A}.Debug|x64.ActiveCfg = Debug|Any CPU
		{5E492AB1-24C8-4051-8B98-4EB9563B064A}.Debug|x64.Build.0 = Debug|Any CPU
		{5E492AB1-24C8-4051-8B98-4EB9563B064A}.Debug|x86.ActiveCfg = Debug|Any CPU
		{5E492AB1-24C8-4051-8B98-4EB9563B064A}.Debug|x86.Build.0 = Debug|Any CPU
		{5E492AB1-24C8-4051-8B98-4EB9563B064A}.Release|Any CPU.ActiveCfg = Release|Any CPU
		{5E492AB1-24C8-4051-8B98-4EB9563B064A}.Release|Any CPU.Build.0 = Release|Any CPU
		{5E492AB1-24C8-4051-8B98-4EB9563B064A}.Release|x64.ActiveCfg = Release|Any CPU
		{5E492AB1-24C8-4051-8B98-4EB9563B064A}.Release|x64.Build.0 = Release|Any CPU
		{5E492AB1-24C8-4051-8B98-4EB9563B064A}.Release|x86.ActiveCfg = Release|Any CPU
		{5E492AB1-24C8-4051-8B98-4EB9563B064A}.Release|x86.Build.0 = Release|Any CPU
	EndGlobalSection
	GlobalSection(NestedProjects) = preSolution
		{AED3B2AD-4864-4CB7-843B-974D1E0FC13E} = {A37858A0-55C0-4557-A36E-FE7B6AF60FA8}
		{A6F72E43-FD9A-44E4-A76F-49C4E4DE0A79} = {AED3B2AD-4864-4CB7-843B-974D1E0FC13E}
		{18074C28-9E3D-4542-82AB-975BF08E5074} = {AED3B2AD-4864-4CB7-843B-974D1E0FC13E}
		{F290FA4C-BC10-4F2A-B1A7-9231F47505A0} = {A37858A0-55C0-4557-A36E-FE7B6AF60FA8}
		{EC30C996-448D-4B99-B2B4-0EA1195413A4} = {F290FA4C-BC10-4F2A-B1A7-9231F47505A0}
		{5E492AB1-24C8-4051-8B98-4EB9563B064A} = {F290FA4C-BC10-4F2A-B1A7-9231F47505A0}
	EndGlobalSection
EndGlobal
